// !$*UTF8*$!
{
	archiveVersion = 1;
	classes = {
	};
	objectVersion = 50;
	objects = {

/* Begin PBXBuildFile section */
		27185E1A2173EE1800B69950 /* PasswordResetViewController.swift in Sources */ = {isa = PBXBuildFile; fileRef = 27185E192173EE1800B69950 /* PasswordResetViewController.swift */; };
		27185E252174370F00B69950 /* userAuth.swift in Sources */ = {isa = PBXBuildFile; fileRef = 27185E242174370F00B69950 /* userAuth.swift */; };
		271C0215215AA33D003D1BB2 /* MiddleViewController.swift in Sources */ = {isa = PBXBuildFile; fileRef = 271C0214215AA33D003D1BB2 /* MiddleViewController.swift */; };
		274A641E2164051700F0F4E7 /* LoginTextField.swift in Sources */ = {isa = PBXBuildFile; fileRef = 274A641D2164051700F0F4E7 /* LoginTextField.swift */; };
		274A64262164451E00F0F4E7 /* userAuthUITests.swift in Sources */ = {isa = PBXBuildFile; fileRef = 274A64252164451E00F0F4E7 /* userAuthUITests.swift */; };
		274A642E2165B92500F0F4E7 /* EmailVerificationViewController.swift in Sources */ = {isa = PBXBuildFile; fileRef = 274A642D2165B92500F0F4E7 /* EmailVerificationViewController.swift */; };
		274A64302165B9E500F0F4E7 /* VerifiedViewController.swift in Sources */ = {isa = PBXBuildFile; fileRef = 274A642F2165B9E500F0F4E7 /* VerifiedViewController.swift */; };
		275F46C22157D37B004E6ED7 /* LineupTableViewCell.swift in Sources */ = {isa = PBXBuildFile; fileRef = 275F46C12157D37B004E6ED7 /* LineupTableViewCell.swift */; };
		275F46C62157E76E004E6ED7 /* LineupManagerViewController.swift in Sources */ = {isa = PBXBuildFile; fileRef = 275F46C52157E76E004E6ED7 /* LineupManagerViewController.swift */; };
		275F46C821580D4D004E6ED7 /* LineupEditorViewController.swift in Sources */ = {isa = PBXBuildFile; fileRef = 275F46C721580D4D004E6ED7 /* LineupEditorViewController.swift */; };
		275F46CA21585833004E6ED7 /* DropDownTableViewCell.swift in Sources */ = {isa = PBXBuildFile; fileRef = 275F46C921585833004E6ED7 /* DropDownTableViewCell.swift */; };
		2786CCCE2144B571003539A2 /* Player.swift in Sources */ = {isa = PBXBuildFile; fileRef = 2786CCCD2144B571003539A2 /* Player.swift */; };
		27F2F35B21475BC900439BF0 /* PlayerManagerViewController.swift in Sources */ = {isa = PBXBuildFile; fileRef = 27F2F35A21475BC900439BF0 /* PlayerManagerViewController.swift */; };
		27F2F35D21477C8400439BF0 /* PlayerTableViewCell.swift in Sources */ = {isa = PBXBuildFile; fileRef = 27F2F35C21477C8400439BF0 /* PlayerTableViewCell.swift */; };
		3B66EF75673C162CD5C792A5 /* Pods_basketball_app.framework in Frameworks */ = {isa = PBXBuildFile; fileRef = 972E0BA394751E9F879017F5 /* Pods_basketball_app.framework */; };
		630E2C66216E66C800881C1F /* Assets.xcassets in Resources */ = {isa = PBXBuildFile; fileRef = 630E2C65216E66C800881C1F /* Assets.xcassets */; };
		630E2C68216E672600881C1F /* Playbook.pdf in Resources */ = {isa = PBXBuildFile; fileRef = 630E2C67216E672600881C1F /* Playbook.pdf */; };
		6321151F2153F39F00F5FD6C /* KPI.swift in Sources */ = {isa = PBXBuildFile; fileRef = 6321151E2153F39F00F5FD6C /* KPI.swift */; };
		63247DF62171455A00137FC3 /* ShotChartViewController.swift in Sources */ = {isa = PBXBuildFile; fileRef = 63247DF52171455A00137FC3 /* ShotChartViewController.swift */; };
		6346B80F214A720D000B0B6E /* User.swift in Sources */ = {isa = PBXBuildFile; fileRef = 6346B80E214A720D000B0B6E /* User.swift */; };
		6346B811214AB765000B0B6E /* UserModel.swift in Sources */ = {isa = PBXBuildFile; fileRef = 6346B810214AB765000B0B6E /* UserModel.swift */; };
		6346B813214AB76E000B0B6E /* TeamModel.swift in Sources */ = {isa = PBXBuildFile; fileRef = 6346B812214AB76E000B0B6E /* TeamModel.swift */; };
		6346B815214AB779000B0B6E /* Team.swift in Sources */ = {isa = PBXBuildFile; fileRef = 6346B814214AB779000B0B6E /* Team.swift */; };
		6350451721626249003A046C /* UserAuth.swift in Sources */ = {isa = PBXBuildFile; fileRef = 6350451621626249003A046C /* UserAuth.swift */; };
		6350451F2163977C003A046C /* GameViewController.swift in Sources */ = {isa = PBXBuildFile; fileRef = 6350451E2163977C003A046C /* GameViewController.swift */; };
		6368B40621760B2A004E30DA /* LayupViewController.swift in Sources */ = {isa = PBXBuildFile; fileRef = 6368B40521760B2A004E30DA /* LayupViewController.swift */; };
		6374F5622172514E00E3BBF4 /* Main.storyboard in Resources */ = {isa = PBXBuildFile; fileRef = 2786CCD1214580B3003539A2 /* Main.storyboard */; };
		63C79FCF21403291006726C3 /* AppDelegate.swift in Sources */ = {isa = PBXBuildFile; fileRef = 63C79FCE21403291006726C3 /* AppDelegate.swift */; };
		63C79FD921403292006726C3 /* LaunchScreen.storyboard in Resources */ = {isa = PBXBuildFile; fileRef = 63C79FD721403292006726C3 /* LaunchScreen.storyboard */; };
		63C79FE3214033A9006726C3 /* GoogleService-Info.plist in Resources */ = {isa = PBXBuildFile; fileRef = 63C79FE2214033A8006726C3 /* GoogleService-Info.plist */; };
		63E879742146D21600B1A458 /* UserAuthViewController.swift in Sources */ = {isa = PBXBuildFile; fileRef = 63E879732146D21600B1A458 /* UserAuthViewController.swift */; };
		98588C5F216511A700DA226C /* Playbook.swift in Sources */ = {isa = PBXBuildFile; fileRef = 98588C5E216511A700DA226C /* Playbook.swift */; };
		98588C61216511E300DA226C /* PlaybookCell.swift in Sources */ = {isa = PBXBuildFile; fileRef = 98588C60216511E300DA226C /* PlaybookCell.swift */; };
		98DD769921655F4F0010F5D0 /* PlaybookViewController.swift in Sources */ = {isa = PBXBuildFile; fileRef = 98DD769821655F4F0010F5D0 /* PlaybookViewController.swift */; };
		98DD769B2165C4330010F5D0 /* PlaybookDetailViewController.swift in Sources */ = {isa = PBXBuildFile; fileRef = 98DD769A2165C4330010F5D0 /* PlaybookDetailViewController.swift */; };
/* End PBXBuildFile section */

/* Begin PBXContainerItemProxy section */
		27185E272174370F00B69950 /* PBXContainerItemProxy */ = {
			isa = PBXContainerItemProxy;
			containerPortal = 63C79FC321403291006726C3 /* Project object */;
			proxyType = 1;
			remoteGlobalIDString = 63C79FCA21403291006726C3;
			remoteInfo = "basketball-app";
		};
		274A64282164451E00F0F4E7 /* PBXContainerItemProxy */ = {
			isa = PBXContainerItemProxy;
			containerPortal = 63C79FC321403291006726C3 /* Project object */;
			proxyType = 1;
			remoteGlobalIDString = 63C79FCA21403291006726C3;
			remoteInfo = "basketball-app";
		};
		6350451921626249003A046C /* PBXContainerItemProxy */ = {
			isa = PBXContainerItemProxy;
			containerPortal = 63C79FC321403291006726C3 /* Project object */;
			proxyType = 1;
			remoteGlobalIDString = 63C79FCA21403291006726C3;
			remoteInfo = "basketball-app";
		};
/* End PBXContainerItemProxy section */

/* Begin PBXFileReference section */
		27185E192173EE1800B69950 /* PasswordResetViewController.swift */ = {isa = PBXFileReference; lastKnownFileType = sourcecode.swift; path = PasswordResetViewController.swift; sourceTree = "<group>"; };
		27185E222174370F00B69950 /* userAuth.xctest */ = {isa = PBXFileReference; explicitFileType = wrapper.cfbundle; includeInIndex = 0; path = userAuth.xctest; sourceTree = BUILT_PRODUCTS_DIR; };
		27185E242174370F00B69950 /* userAuth.swift */ = {isa = PBXFileReference; lastKnownFileType = sourcecode.swift; path = userAuth.swift; sourceTree = "<group>"; };
		27185E262174370F00B69950 /* Info.plist */ = {isa = PBXFileReference; lastKnownFileType = text.plist.xml; path = Info.plist; sourceTree = "<group>"; };
		271C0214215AA33D003D1BB2 /* MiddleViewController.swift */ = {isa = PBXFileReference; lastKnownFileType = sourcecode.swift; path = MiddleViewController.swift; sourceTree = "<group>"; };
		274A641D2164051700F0F4E7 /* LoginTextField.swift */ = {isa = PBXFileReference; lastKnownFileType = sourcecode.swift; path = LoginTextField.swift; sourceTree = "<group>"; };
		274A64232164451E00F0F4E7 /* userAuthUITests.xctest */ = {isa = PBXFileReference; explicitFileType = wrapper.cfbundle; includeInIndex = 0; path = userAuthUITests.xctest; sourceTree = BUILT_PRODUCTS_DIR; };
		274A64252164451E00F0F4E7 /* userAuthUITests.swift */ = {isa = PBXFileReference; lastKnownFileType = sourcecode.swift; path = userAuthUITests.swift; sourceTree = "<group>"; };
		274A64272164451E00F0F4E7 /* Info.plist */ = {isa = PBXFileReference; lastKnownFileType = text.plist.xml; path = Info.plist; sourceTree = "<group>"; };
		274A642D2165B92500F0F4E7 /* EmailVerificationViewController.swift */ = {isa = PBXFileReference; lastKnownFileType = sourcecode.swift; path = EmailVerificationViewController.swift; sourceTree = "<group>"; };
		274A642F2165B9E500F0F4E7 /* VerifiedViewController.swift */ = {isa = PBXFileReference; lastKnownFileType = sourcecode.swift; path = VerifiedViewController.swift; sourceTree = "<group>"; };
		275F46C12157D37B004E6ED7 /* LineupTableViewCell.swift */ = {isa = PBXFileReference; lastKnownFileType = sourcecode.swift; path = LineupTableViewCell.swift; sourceTree = "<group>"; };
		275F46C52157E76E004E6ED7 /* LineupManagerViewController.swift */ = {isa = PBXFileReference; fileEncoding = 4; lastKnownFileType = sourcecode.swift; name = LineupManagerViewController.swift; path = "basketball-app/Lineup/LineupManagerViewController.swift"; sourceTree = SOURCE_ROOT; };
		275F46C721580D4D004E6ED7 /* LineupEditorViewController.swift */ = {isa = PBXFileReference; lastKnownFileType = sourcecode.swift; path = LineupEditorViewController.swift; sourceTree = "<group>"; };
		275F46C921585833004E6ED7 /* DropDownTableViewCell.swift */ = {isa = PBXFileReference; lastKnownFileType = sourcecode.swift; path = DropDownTableViewCell.swift; sourceTree = "<group>"; };
		2786CCCD2144B571003539A2 /* Player.swift */ = {isa = PBXFileReference; lastKnownFileType = sourcecode.swift; path = Player.swift; sourceTree = "<group>"; };
		2786CCD1214580B3003539A2 /* Main.storyboard */ = {isa = PBXFileReference; fileEncoding = 4; lastKnownFileType = file.storyboard; path = Main.storyboard; sourceTree = "<group>"; };
		27F2F35A21475BC900439BF0 /* PlayerManagerViewController.swift */ = {isa = PBXFileReference; lastKnownFileType = sourcecode.swift; path = PlayerManagerViewController.swift; sourceTree = "<group>"; };
		27F2F35C21477C8400439BF0 /* PlayerTableViewCell.swift */ = {isa = PBXFileReference; lastKnownFileType = sourcecode.swift; path = PlayerTableViewCell.swift; sourceTree = "<group>"; };
		630E2C65216E66C800881C1F /* Assets.xcassets */ = {isa = PBXFileReference; lastKnownFileType = folder.assetcatalog; path = Assets.xcassets; sourceTree = "<group>"; };
		630E2C67216E672600881C1F /* Playbook.pdf */ = {isa = PBXFileReference; lastKnownFileType = image.pdf; path = Playbook.pdf; sourceTree = "<group>"; };
		6321151E2153F39F00F5FD6C /* KPI.swift */ = {isa = PBXFileReference; lastKnownFileType = sourcecode.swift; path = KPI.swift; sourceTree = "<group>"; };
		63247DF52171455A00137FC3 /* ShotChartViewController.swift */ = {isa = PBXFileReference; lastKnownFileType = sourcecode.swift; path = ShotChartViewController.swift; sourceTree = "<group>"; };
		6346B80E214A720D000B0B6E /* User.swift */ = {isa = PBXFileReference; lastKnownFileType = sourcecode.swift; path = User.swift; sourceTree = "<group>"; };
		6346B810214AB765000B0B6E /* UserModel.swift */ = {isa = PBXFileReference; lastKnownFileType = sourcecode.swift; path = UserModel.swift; sourceTree = "<group>"; };
		6346B812214AB76E000B0B6E /* TeamModel.swift */ = {isa = PBXFileReference; lastKnownFileType = sourcecode.swift; path = TeamModel.swift; sourceTree = "<group>"; };
		6346B814214AB779000B0B6E /* Team.swift */ = {isa = PBXFileReference; lastKnownFileType = sourcecode.swift; path = Team.swift; sourceTree = "<group>"; };
		6350451421626249003A046C /* basketball-appTests.xctest */ = {isa = PBXFileReference; explicitFileType = wrapper.cfbundle; includeInIndex = 0; path = "basketball-appTests.xctest"; sourceTree = BUILT_PRODUCTS_DIR; };
		6350451621626249003A046C /* UserAuth.swift */ = {isa = PBXFileReference; lastKnownFileType = sourcecode.swift; path = UserAuth.swift; sourceTree = "<group>"; };
		6350451821626249003A046C /* Info.plist */ = {isa = PBXFileReference; lastKnownFileType = text.plist.xml; path = Info.plist; sourceTree = "<group>"; };
		6350451E2163977C003A046C /* GameViewController.swift */ = {isa = PBXFileReference; lastKnownFileType = sourcecode.swift; path = GameViewController.swift; sourceTree = "<group>"; };
		6368B40521760B2A004E30DA /* LayupViewController.swift */ = {isa = PBXFileReference; lastKnownFileType = sourcecode.swift; path = LayupViewController.swift; sourceTree = "<group>"; };
		63C79FCB21403291006726C3 /* basketball-app.app */ = {isa = PBXFileReference; explicitFileType = wrapper.application; includeInIndex = 0; path = "basketball-app.app"; sourceTree = BUILT_PRODUCTS_DIR; };
		63C79FCE21403291006726C3 /* AppDelegate.swift */ = {isa = PBXFileReference; lastKnownFileType = sourcecode.swift; path = AppDelegate.swift; sourceTree = "<group>"; };
		63C79FD821403292006726C3 /* Base */ = {isa = PBXFileReference; lastKnownFileType = file.storyboard; name = Base; path = Base.lproj/LaunchScreen.storyboard; sourceTree = "<group>"; };
		63C79FDA21403292006726C3 /* Info.plist */ = {isa = PBXFileReference; lastKnownFileType = text.plist.xml; path = Info.plist; sourceTree = "<group>"; };
		63C79FE2214033A8006726C3 /* GoogleService-Info.plist */ = {isa = PBXFileReference; fileEncoding = 4; lastKnownFileType = text.plist.xml; path = "GoogleService-Info.plist"; sourceTree = "<group>"; };
		63E879732146D21600B1A458 /* UserAuthViewController.swift */ = {isa = PBXFileReference; lastKnownFileType = sourcecode.swift; path = UserAuthViewController.swift; sourceTree = "<group>"; };
		972E0BA394751E9F879017F5 /* Pods_basketball_app.framework */ = {isa = PBXFileReference; explicitFileType = wrapper.framework; includeInIndex = 0; path = Pods_basketball_app.framework; sourceTree = BUILT_PRODUCTS_DIR; };
		98588C5E216511A700DA226C /* Playbook.swift */ = {isa = PBXFileReference; lastKnownFileType = sourcecode.swift; path = Playbook.swift; sourceTree = "<group>"; };
		98588C60216511E300DA226C /* PlaybookCell.swift */ = {isa = PBXFileReference; lastKnownFileType = sourcecode.swift; path = PlaybookCell.swift; sourceTree = "<group>"; };
		98DD769821655F4F0010F5D0 /* PlaybookViewController.swift */ = {isa = PBXFileReference; lastKnownFileType = sourcecode.swift; path = PlaybookViewController.swift; sourceTree = "<group>"; };
		98DD769A2165C4330010F5D0 /* PlaybookDetailViewController.swift */ = {isa = PBXFileReference; lastKnownFileType = sourcecode.swift; path = PlaybookDetailViewController.swift; sourceTree = "<group>"; };
		BED4BA8B10FDE8897F574D2C /* Pods-basketball-app.debug.xcconfig */ = {isa = PBXFileReference; includeInIndex = 1; lastKnownFileType = text.xcconfig; name = "Pods-basketball-app.debug.xcconfig"; path = "Pods/Target Support Files/Pods-basketball-app/Pods-basketball-app.debug.xcconfig"; sourceTree = "<group>"; };
		D974539F56A975EEEE9984B4 /* Pods-basketball-app.release.xcconfig */ = {isa = PBXFileReference; includeInIndex = 1; lastKnownFileType = text.xcconfig; name = "Pods-basketball-app.release.xcconfig"; path = "Pods/Target Support Files/Pods-basketball-app/Pods-basketball-app.release.xcconfig"; sourceTree = "<group>"; };
/* End PBXFileReference section */

/* Begin PBXFrameworksBuildPhase section */
		27185E1F2174370F00B69950 /* Frameworks */ = {
			isa = PBXFrameworksBuildPhase;
			buildActionMask = 2147483647;
			files = (
			);
			runOnlyForDeploymentPostprocessing = 0;
		};
		274A64202164451E00F0F4E7 /* Frameworks */ = {
			isa = PBXFrameworksBuildPhase;
			buildActionMask = 2147483647;
			files = (
			);
			runOnlyForDeploymentPostprocessing = 0;
		};
		6350451121626249003A046C /* Frameworks */ = {
			isa = PBXFrameworksBuildPhase;
			buildActionMask = 2147483647;
			files = (
			);
			runOnlyForDeploymentPostprocessing = 0;
		};
		63C79FC821403291006726C3 /* Frameworks */ = {
			isa = PBXFrameworksBuildPhase;
			buildActionMask = 2147483647;
			files = (
				3B66EF75673C162CD5C792A5 /* Pods_basketball_app.framework in Frameworks */,
			);
			runOnlyForDeploymentPostprocessing = 0;
		};
/* End PBXFrameworksBuildPhase section */

/* Begin PBXGroup section */
		000C9FD9583F679DDB3773CB /* Frameworks */ = {
			isa = PBXGroup;
			children = (
				972E0BA394751E9F879017F5 /* Pods_basketball_app.framework */,
			);
			name = Frameworks;
			sourceTree = "<group>";
		};
		165C386DCD297A94D812A1E2 /* Pods */ = {
			isa = PBXGroup;
			children = (
				BED4BA8B10FDE8897F574D2C /* Pods-basketball-app.debug.xcconfig */,
				D974539F56A975EEEE9984B4 /* Pods-basketball-app.release.xcconfig */,
			);
			name = Pods;
			sourceTree = "<group>";
		};
		27185E1B2173F3D100B69950 /* Login */ = {
			isa = PBXGroup;
			children = (
				274A642D2165B92500F0F4E7 /* EmailVerificationViewController.swift */,
				274A642F2165B9E500F0F4E7 /* VerifiedViewController.swift */,
				27185E192173EE1800B69950 /* PasswordResetViewController.swift */,
				63E879732146D21600B1A458 /* UserAuthViewController.swift */,
			);
			path = Login;
			sourceTree = "<group>";
		};
		27185E232174370F00B69950 /* userAuth */ = {
			isa = PBXGroup;
			children = (
				27185E242174370F00B69950 /* userAuth.swift */,
				27185E262174370F00B69950 /* Info.plist */,
			);
			path = userAuth;
			sourceTree = "<group>";
		};
		274A641C216403C800F0F4E7 /* Lineup */ = {
			isa = PBXGroup;
			children = (
				275F46C12157D37B004E6ED7 /* LineupTableViewCell.swift */,
				275F46C52157E76E004E6ED7 /* LineupManagerViewController.swift */,
				275F46C721580D4D004E6ED7 /* LineupEditorViewController.swift */,
			);
			path = Lineup;
			sourceTree = "<group>";
		};
		274A64242164451E00F0F4E7 /* userAuthUITests */ = {
			isa = PBXGroup;
			children = (
				274A64252164451E00F0F4E7 /* userAuthUITests.swift */,
				274A64272164451E00F0F4E7 /* Info.plist */,
			);
			path = userAuthUITests;
			sourceTree = "<group>";
		};
		27706C582155DDCA001673D2 /* PlayerManager */ = {
			isa = PBXGroup;
			children = (
				2786CCCD2144B571003539A2 /* Player.swift */,
				27F2F35A21475BC900439BF0 /* PlayerManagerViewController.swift */,
				27F2F35C21477C8400439BF0 /* PlayerTableViewCell.swift */,
				271C0214215AA33D003D1BB2 /* MiddleViewController.swift */,
			);
			path = PlayerManager;
			sourceTree = "<group>";
		};
		6350451521626249003A046C /* basketball-appTests */ = {
			isa = PBXGroup;
			children = (
				6350451621626249003A046C /* UserAuth.swift */,
				6350451821626249003A046C /* Info.plist */,
			);
			path = "basketball-appTests";
			sourceTree = "<group>";
		};
		63C79FC221403291006726C3 = {
			isa = PBXGroup;
			children = (
				63C79FCD21403291006726C3 /* basketball-app */,
				6350451521626249003A046C /* basketball-appTests */,
				274A64242164451E00F0F4E7 /* userAuthUITests */,
				27185E232174370F00B69950 /* userAuth */,
				63C79FCC21403291006726C3 /* Products */,
				165C386DCD297A94D812A1E2 /* Pods */,
				000C9FD9583F679DDB3773CB /* Frameworks */,
			);
			sourceTree = "<group>";
		};
		63C79FCC21403291006726C3 /* Products */ = {
			isa = PBXGroup;
			children = (
				63C79FCB21403291006726C3 /* basketball-app.app */,
				6350451421626249003A046C /* basketball-appTests.xctest */,
				274A64232164451E00F0F4E7 /* userAuthUITests.xctest */,
				27185E222174370F00B69950 /* userAuth.xctest */,
			);
			name = Products;
			sourceTree = "<group>";
		};
		63C79FCD21403291006726C3 /* basketball-app */ = {
			isa = PBXGroup;
			children = (
				630E2C67216E672600881C1F /* Playbook.pdf */,
				630E2C65216E66C800881C1F /* Assets.xcassets */,
				98DD769721655F010010F5D0 /* ScheduleManager */,
				27706C582155DDCA001673D2 /* PlayerManager */,
				274A641C216403C800F0F4E7 /* Lineup */,
				27185E1B2173F3D100B69950 /* Login */,
				63C79FCE21403291006726C3 /* AppDelegate.swift */,
				2786CCD1214580B3003539A2 /* Main.storyboard */,
				274A641D2164051700F0F4E7 /* LoginTextField.swift */,
				63C79FE2214033A8006726C3 /* GoogleService-Info.plist */,
				63C79FD721403292006726C3 /* LaunchScreen.storyboard */,
				63C79FDA21403292006726C3 /* Info.plist */,
				6346B80E214A720D000B0B6E /* User.swift */,
				6346B810214AB765000B0B6E /* UserModel.swift */,
				6346B812214AB76E000B0B6E /* TeamModel.swift */,
				6346B814214AB779000B0B6E /* Team.swift */,
				6321151E2153F39F00F5FD6C /* KPI.swift */,
				275F46C921585833004E6ED7 /* DropDownTableViewCell.swift */,
				6350451E2163977C003A046C /* GameViewController.swift */,
				98588C5E216511A700DA226C /* Playbook.swift */,
				98588C60216511E300DA226C /* PlaybookCell.swift */,
				98DD769821655F4F0010F5D0 /* PlaybookViewController.swift */,
				98DD769A2165C4330010F5D0 /* PlaybookDetailViewController.swift */,
				63247DF52171455A00137FC3 /* ShotChartViewController.swift */,
				6368B40521760B2A004E30DA /* LayupViewController.swift */,
			);
			path = "basketball-app";
			sourceTree = "<group>";
		};
		98DD769721655F010010F5D0 /* ScheduleManager */ = {
			isa = PBXGroup;
			children = (
			);
			path = ScheduleManager;
			sourceTree = "<group>";
		};
/* End PBXGroup section */

/* Begin PBXNativeTarget section */
		27185E212174370F00B69950 /* userAuth */ = {
			isa = PBXNativeTarget;
			buildConfigurationList = 27185E292174370F00B69950 /* Build configuration list for PBXNativeTarget "userAuth" */;
			buildPhases = (
				27185E1E2174370F00B69950 /* Sources */,
				27185E1F2174370F00B69950 /* Frameworks */,
				27185E202174370F00B69950 /* Resources */,
			);
			buildRules = (
			);
			dependencies = (
				27185E282174370F00B69950 /* PBXTargetDependency */,
			);
			name = userAuth;
			productName = userAuth;
			productReference = 27185E222174370F00B69950 /* userAuth.xctest */;
			productType = "com.apple.product-type.bundle.unit-test";
		};
		274A64222164451E00F0F4E7 /* userAuthUITests */ = {
			isa = PBXNativeTarget;
			buildConfigurationList = 274A642A2164451E00F0F4E7 /* Build configuration list for PBXNativeTarget "userAuthUITests" */;
			buildPhases = (
				274A641F2164451E00F0F4E7 /* Sources */,
				274A64202164451E00F0F4E7 /* Frameworks */,
				274A64212164451E00F0F4E7 /* Resources */,
			);
			buildRules = (
			);
			dependencies = (
				274A64292164451E00F0F4E7 /* PBXTargetDependency */,
			);
			name = userAuthUITests;
			productName = userAuthUITests;
			productReference = 274A64232164451E00F0F4E7 /* userAuthUITests.xctest */;
			productType = "com.apple.product-type.bundle.ui-testing";
		};
		6350451321626249003A046C /* basketball-appTests */ = {
			isa = PBXNativeTarget;
			buildConfigurationList = 6350451D21626249003A046C /* Build configuration list for PBXNativeTarget "basketball-appTests" */;
			buildPhases = (
				6350451021626249003A046C /* Sources */,
				6350451121626249003A046C /* Frameworks */,
				6350451221626249003A046C /* Resources */,
			);
			buildRules = (
			);
			dependencies = (
				6350451A21626249003A046C /* PBXTargetDependency */,
			);
			name = "basketball-appTests";
			productName = "basketball-appTests";
			productReference = 6350451421626249003A046C /* basketball-appTests.xctest */;
			productType = "com.apple.product-type.bundle.unit-test";
		};
		63C79FCA21403291006726C3 /* basketball-app */ = {
			isa = PBXNativeTarget;
			buildConfigurationList = 63C79FDD21403292006726C3 /* Build configuration list for PBXNativeTarget "basketball-app" */;
			buildPhases = (
				8BA2040971163FDCCD130DC7 /* [CP] Check Pods Manifest.lock */,
				63C79FC721403291006726C3 /* Sources */,
				63C79FC821403291006726C3 /* Frameworks */,
				63C79FC921403291006726C3 /* Resources */,
				AC2F520199D4ACEA1AE42AE8 /* [CP] Embed Pods Frameworks */,
			);
			buildRules = (
			);
			dependencies = (
			);
			name = "basketball-app";
			productName = "basketball-app";
			productReference = 63C79FCB21403291006726C3 /* basketball-app.app */;
			productType = "com.apple.product-type.application";
		};
/* End PBXNativeTarget section */

/* Begin PBXProject section */
		63C79FC321403291006726C3 /* Project object */ = {
			isa = PBXProject;
			attributes = {
				LastSwiftUpdateCheck = 1000;
				LastUpgradeCheck = 0940;
				ORGANIZATIONNAME = "David Zucco";
				TargetAttributes = {
					27185E212174370F00B69950 = {
						CreatedOnToolsVersion = 10.0;
						TestTargetID = 63C79FCA21403291006726C3;
					};
					274A64222164451E00F0F4E7 = {
						CreatedOnToolsVersion = 10.0;
						TestTargetID = 63C79FCA21403291006726C3;
					};
					6350451321626249003A046C = {
						CreatedOnToolsVersion = 9.4.1;
						TestTargetID = 63C79FCA21403291006726C3;
					};
					63C79FCA21403291006726C3 = {
						CreatedOnToolsVersion = 9.4.1;
					};
				};
			};
			buildConfigurationList = 63C79FC621403291006726C3 /* Build configuration list for PBXProject "basketball-app" */;
			compatibilityVersion = "Xcode 9.3";
			developmentRegion = en;
			hasScannedForEncodings = 0;
			knownRegions = (
				en,
				Base,
			);
			mainGroup = 63C79FC221403291006726C3;
			productRefGroup = 63C79FCC21403291006726C3 /* Products */;
			projectDirPath = "";
			projectRoot = "";
			targets = (
				63C79FCA21403291006726C3 /* basketball-app */,
				6350451321626249003A046C /* basketball-appTests */,
				274A64222164451E00F0F4E7 /* userAuthUITests */,
				27185E212174370F00B69950 /* userAuth */,
			);
		};
/* End PBXProject section */

/* Begin PBXResourcesBuildPhase section */
		27185E202174370F00B69950 /* Resources */ = {
			isa = PBXResourcesBuildPhase;
			buildActionMask = 2147483647;
			files = (
			);
			runOnlyForDeploymentPostprocessing = 0;
		};
		274A64212164451E00F0F4E7 /* Resources */ = {
			isa = PBXResourcesBuildPhase;
			buildActionMask = 2147483647;
			files = (
			);
			runOnlyForDeploymentPostprocessing = 0;
		};
		6350451221626249003A046C /* Resources */ = {
			isa = PBXResourcesBuildPhase;
			buildActionMask = 2147483647;
			files = (
			);
			runOnlyForDeploymentPostprocessing = 0;
		};
		63C79FC921403291006726C3 /* Resources */ = {
			isa = PBXResourcesBuildPhase;
			buildActionMask = 2147483647;
			files = (
				63C79FD921403292006726C3 /* LaunchScreen.storyboard in Resources */,
				6374F5622172514E00E3BBF4 /* Main.storyboard in Resources */,
				63C79FE3214033A9006726C3 /* GoogleService-Info.plist in Resources */,
				630E2C66216E66C800881C1F /* Assets.xcassets in Resources */,
				630E2C68216E672600881C1F /* Playbook.pdf in Resources */,
			);
			runOnlyForDeploymentPostprocessing = 0;
		};
/* End PBXResourcesBuildPhase section */

/* Begin PBXShellScriptBuildPhase section */
		8BA2040971163FDCCD130DC7 /* [CP] Check Pods Manifest.lock */ = {
			isa = PBXShellScriptBuildPhase;
			buildActionMask = 2147483647;
			files = (
			);
			inputPaths = (
				"${PODS_PODFILE_DIR_PATH}/Podfile.lock",
				"${PODS_ROOT}/Manifest.lock",
			);
			name = "[CP] Check Pods Manifest.lock";
			outputPaths = (
				"$(DERIVED_FILE_DIR)/Pods-basketball-app-checkManifestLockResult.txt",
			);
			runOnlyForDeploymentPostprocessing = 0;
			shellPath = /bin/sh;
			shellScript = "diff \"${PODS_PODFILE_DIR_PATH}/Podfile.lock\" \"${PODS_ROOT}/Manifest.lock\" > /dev/null\nif [ $? != 0 ] ; then\n    # print error to STDERR\n    echo \"error: The sandbox is not in sync with the Podfile.lock. Run 'pod install' or update your CocoaPods installation.\" >&2\n    exit 1\nfi\n# This output is used by Xcode 'outputs' to avoid re-running this script phase.\necho \"SUCCESS\" > \"${SCRIPT_OUTPUT_FILE_0}\"\n";
			showEnvVarsInLog = 0;
		};
		AC2F520199D4ACEA1AE42AE8 /* [CP] Embed Pods Frameworks */ = {
			isa = PBXShellScriptBuildPhase;
			buildActionMask = 2147483647;
			files = (
			);
			inputPaths = (
				"${SRCROOT}/Pods/Target Support Files/Pods-basketball-app/Pods-basketball-app-frameworks.sh",
				"${BUILT_PRODUCTS_DIR}/GTMSessionFetcher/GTMSessionFetcher.framework",
				"${BUILT_PRODUCTS_DIR}/GoogleUtilities/GoogleUtilities.framework",
				"${BUILT_PRODUCTS_DIR}/leveldb-library/leveldb.framework",
				"${BUILT_PRODUCTS_DIR}/nanopb/nanopb.framework",
			);
			name = "[CP] Embed Pods Frameworks";
			outputPaths = (
				"${TARGET_BUILD_DIR}/${FRAMEWORKS_FOLDER_PATH}/GTMSessionFetcher.framework",
				"${TARGET_BUILD_DIR}/${FRAMEWORKS_FOLDER_PATH}/GoogleUtilities.framework",
				"${TARGET_BUILD_DIR}/${FRAMEWORKS_FOLDER_PATH}/leveldb.framework",
				"${TARGET_BUILD_DIR}/${FRAMEWORKS_FOLDER_PATH}/nanopb.framework",
			);
			runOnlyForDeploymentPostprocessing = 0;
			shellPath = /bin/sh;
			shellScript = "\"${SRCROOT}/Pods/Target Support Files/Pods-basketball-app/Pods-basketball-app-frameworks.sh\"\n";
			showEnvVarsInLog = 0;
		};
/* End PBXShellScriptBuildPhase section */

/* Begin PBXSourcesBuildPhase section */
		27185E1E2174370F00B69950 /* Sources */ = {
			isa = PBXSourcesBuildPhase;
			buildActionMask = 2147483647;
			files = (
				27185E252174370F00B69950 /* userAuth.swift in Sources */,
			);
			runOnlyForDeploymentPostprocessing = 0;
		};
		274A641F2164451E00F0F4E7 /* Sources */ = {
			isa = PBXSourcesBuildPhase;
			buildActionMask = 2147483647;
			files = (
				274A64262164451E00F0F4E7 /* userAuthUITests.swift in Sources */,
			);
			runOnlyForDeploymentPostprocessing = 0;
		};
		6350451021626249003A046C /* Sources */ = {
			isa = PBXSourcesBuildPhase;
			buildActionMask = 2147483647;
			files = (
				6350451721626249003A046C /* UserAuth.swift in Sources */,
			);
			runOnlyForDeploymentPostprocessing = 0;
		};
		63C79FC721403291006726C3 /* Sources */ = {
			isa = PBXSourcesBuildPhase;
			buildActionMask = 2147483647;
			files = (
				98DD769B2165C4330010F5D0 /* PlaybookDetailViewController.swift in Sources */,
				27F2F35D21477C8400439BF0 /* PlayerTableViewCell.swift in Sources */,
				6346B815214AB779000B0B6E /* Team.swift in Sources */,
				274A64302165B9E500F0F4E7 /* VerifiedViewController.swift in Sources */,
				27185E1A2173EE1800B69950 /* PasswordResetViewController.swift in Sources */,
				6346B811214AB765000B0B6E /* UserModel.swift in Sources */,
				275F46C821580D4D004E6ED7 /* LineupEditorViewController.swift in Sources */,
				6350451F2163977C003A046C /* GameViewController.swift in Sources */,
				63247DF62171455A00137FC3 /* ShotChartViewController.swift in Sources */,
				275F46C22157D37B004E6ED7 /* LineupTableViewCell.swift in Sources */,
				98588C5F216511A700DA226C /* Playbook.swift in Sources */,
				275F46CA21585833004E6ED7 /* DropDownTableViewCell.swift in Sources */,
				6346B813214AB76E000B0B6E /* TeamModel.swift in Sources */,
				275F46C62157E76E004E6ED7 /* LineupManagerViewController.swift in Sources */,
				2786CCCE2144B571003539A2 /* Player.swift in Sources */,
				27F2F35B21475BC900439BF0 /* PlayerManagerViewController.swift in Sources */,
				271C0215215AA33D003D1BB2 /* MiddleViewController.swift in Sources */,
				6346B80F214A720D000B0B6E /* User.swift in Sources */,
				6368B40621760B2A004E30DA /* LayupViewController.swift in Sources */,
				274A641E2164051700F0F4E7 /* LoginTextField.swift in Sources */,
				274A642E2165B92500F0F4E7 /* EmailVerificationViewController.swift in Sources */,
				6321151F2153F39F00F5FD6C /* KPI.swift in Sources */,
				63C79FCF21403291006726C3 /* AppDelegate.swift in Sources */,
				63E879742146D21600B1A458 /* UserAuthViewController.swift in Sources */,
				98588C61216511E300DA226C /* PlaybookCell.swift in Sources */,
				98DD769921655F4F0010F5D0 /* PlaybookViewController.swift in Sources */,
			);
			runOnlyForDeploymentPostprocessing = 0;
		};
/* End PBXSourcesBuildPhase section */

/* Begin PBXTargetDependency section */
		27185E282174370F00B69950 /* PBXTargetDependency */ = {
			isa = PBXTargetDependency;
			target = 63C79FCA21403291006726C3 /* basketball-app */;
			targetProxy = 27185E272174370F00B69950 /* PBXContainerItemProxy */;
		};
		274A64292164451E00F0F4E7 /* PBXTargetDependency */ = {
			isa = PBXTargetDependency;
			target = 63C79FCA21403291006726C3 /* basketball-app */;
			targetProxy = 274A64282164451E00F0F4E7 /* PBXContainerItemProxy */;
		};
		6350451A21626249003A046C /* PBXTargetDependency */ = {
			isa = PBXTargetDependency;
			target = 63C79FCA21403291006726C3 /* basketball-app */;
			targetProxy = 6350451921626249003A046C /* PBXContainerItemProxy */;
		};
/* End PBXTargetDependency section */

/* Begin PBXVariantGroup section */
		63C79FD721403292006726C3 /* LaunchScreen.storyboard */ = {
			isa = PBXVariantGroup;
			children = (
				63C79FD821403292006726C3 /* Base */,
			);
			name = LaunchScreen.storyboard;
			sourceTree = "<group>";
		};
/* End PBXVariantGroup section */

/* Begin XCBuildConfiguration section */
		27185E2A2174370F00B69950 /* Debug */ = {
			isa = XCBuildConfiguration;
			buildSettings = {
				BUNDLE_LOADER = "$(TEST_HOST)";
				CODE_SIGN_STYLE = Automatic;
				INFOPLIST_FILE = userAuth/Info.plist;
				IPHONEOS_DEPLOYMENT_TARGET = 12.0;
				LD_RUNPATH_SEARCH_PATHS = (
					"$(inherited)",
					"@executable_path/Frameworks",
					"@loader_path/Frameworks",
				);
				MTL_ENABLE_DEBUG_INFO = INCLUDE_SOURCE;
				MTL_FAST_MATH = YES;
				PRODUCT_BUNDLE_IDENTIFIER = com.userAuth;
				PRODUCT_NAME = "$(TARGET_NAME)";
				SWIFT_VERSION = 4.2;
				TARGETED_DEVICE_FAMILY = "1,2";
				TEST_HOST = "$(BUILT_PRODUCTS_DIR)/basketball-app.app/basketball-app";
			};
			name = Debug;
		};
		27185E2B2174370F00B69950 /* Release */ = {
			isa = XCBuildConfiguration;
			buildSettings = {
				BUNDLE_LOADER = "$(TEST_HOST)";
				CODE_SIGN_STYLE = Automatic;
				INFOPLIST_FILE = userAuth/Info.plist;
				IPHONEOS_DEPLOYMENT_TARGET = 12.0;
				LD_RUNPATH_SEARCH_PATHS = (
					"$(inherited)",
					"@executable_path/Frameworks",
					"@loader_path/Frameworks",
				);
				MTL_FAST_MATH = YES;
				PRODUCT_BUNDLE_IDENTIFIER = com.userAuth;
				PRODUCT_NAME = "$(TARGET_NAME)";
				SWIFT_VERSION = 4.2;
				TARGETED_DEVICE_FAMILY = "1,2";
				TEST_HOST = "$(BUILT_PRODUCTS_DIR)/basketball-app.app/basketball-app";
			};
			name = Release;
		};
		274A642B2164451E00F0F4E7 /* Debug */ = {
			isa = XCBuildConfiguration;
			buildSettings = {
				CODE_SIGN_STYLE = Automatic;
				INFOPLIST_FILE = userAuthUITests/Info.plist;
				IPHONEOS_DEPLOYMENT_TARGET = 12.0;
				LD_RUNPATH_SEARCH_PATHS = (
					"$(inherited)",
					"@executable_path/Frameworks",
					"@loader_path/Frameworks",
				);
				MTL_ENABLE_DEBUG_INFO = INCLUDE_SOURCE;
				MTL_FAST_MATH = YES;
				PRODUCT_BUNDLE_IDENTIFIER = com.userAuthUITests;
				PRODUCT_NAME = "$(TARGET_NAME)";
				SWIFT_VERSION = 4.2;
				TARGETED_DEVICE_FAMILY = "1,2";
				TEST_TARGET_NAME = "basketball-app";
			};
			name = Debug;
		};
		274A642C2164451E00F0F4E7 /* Release */ = {
			isa = XCBuildConfiguration;
			buildSettings = {
				CODE_SIGN_STYLE = Automatic;
				INFOPLIST_FILE = userAuthUITests/Info.plist;
				IPHONEOS_DEPLOYMENT_TARGET = 12.0;
				LD_RUNPATH_SEARCH_PATHS = (
					"$(inherited)",
					"@executable_path/Frameworks",
					"@loader_path/Frameworks",
				);
				MTL_FAST_MATH = YES;
				PRODUCT_BUNDLE_IDENTIFIER = com.userAuthUITests;
				PRODUCT_NAME = "$(TARGET_NAME)";
				SWIFT_VERSION = 4.2;
				TARGETED_DEVICE_FAMILY = "1,2";
				TEST_TARGET_NAME = "basketball-app";
			};
			name = Release;
		};
		6350451B21626249003A046C /* Debug */ = {
			isa = XCBuildConfiguration;
			buildSettings = {
				BUNDLE_LOADER = "$(TEST_HOST)";
				CODE_SIGN_STYLE = Automatic;
				INFOPLIST_FILE = "basketball-appTests/Info.plist";
				LD_RUNPATH_SEARCH_PATHS = (
					"$(inherited)",
					"@executable_path/Frameworks",
					"@loader_path/Frameworks",
				);
				PRODUCT_BUNDLE_IDENTIFIER = "com.davidzucco.basketball-appTests";
				PRODUCT_NAME = "$(TARGET_NAME)";
				SWIFT_VERSION = 4.0;
				TARGETED_DEVICE_FAMILY = "1,2";
				TEST_HOST = "$(BUILT_PRODUCTS_DIR)/basketball-app.app/basketball-app";
			};
			name = Debug;
		};
		6350451C21626249003A046C /* Release */ = {
			isa = XCBuildConfiguration;
			buildSettings = {
				BUNDLE_LOADER = "$(TEST_HOST)";
				CODE_SIGN_STYLE = Automatic;
				INFOPLIST_FILE = "basketball-appTests/Info.plist";
				LD_RUNPATH_SEARCH_PATHS = (
					"$(inherited)",
					"@executable_path/Frameworks",
					"@loader_path/Frameworks",
				);
				PRODUCT_BUNDLE_IDENTIFIER = "com.davidzucco.basketball-appTests";
				PRODUCT_NAME = "$(TARGET_NAME)";
				SWIFT_VERSION = 4.0;
				TARGETED_DEVICE_FAMILY = "1,2";
				TEST_HOST = "$(BUILT_PRODUCTS_DIR)/basketball-app.app/basketball-app";
			};
			name = Release;
		};
		63C79FDB21403292006726C3 /* Debug */ = {
			isa = XCBuildConfiguration;
			buildSettings = {
				ALWAYS_SEARCH_USER_PATHS = NO;
				CLANG_ANALYZER_NONNULL = YES;
				CLANG_ANALYZER_NUMBER_OBJECT_CONVERSION = YES_AGGRESSIVE;
				CLANG_CXX_LANGUAGE_STANDARD = "gnu++14";
				CLANG_CXX_LIBRARY = "libc++";
				CLANG_ENABLE_MODULES = YES;
				CLANG_ENABLE_OBJC_ARC = YES;
				CLANG_ENABLE_OBJC_WEAK = YES;
				CLANG_WARN_BLOCK_CAPTURE_AUTORELEASING = YES;
				CLANG_WARN_BOOL_CONVERSION = YES;
				CLANG_WARN_COMMA = YES;
				CLANG_WARN_CONSTANT_CONVERSION = YES;
				CLANG_WARN_DEPRECATED_OBJC_IMPLEMENTATIONS = YES;
				CLANG_WARN_DIRECT_OBJC_ISA_USAGE = YES_ERROR;
				CLANG_WARN_DOCUMENTATION_COMMENTS = YES;
				CLANG_WARN_EMPTY_BODY = YES;
				CLANG_WARN_ENUM_CONVERSION = YES;
				CLANG_WARN_INFINITE_RECURSION = YES;
				CLANG_WARN_INT_CONVERSION = YES;
				CLANG_WARN_NON_LITERAL_NULL_CONVERSION = YES;
				CLANG_WARN_OBJC_IMPLICIT_RETAIN_SELF = YES;
				CLANG_WARN_OBJC_LITERAL_CONVERSION = YES;
				CLANG_WARN_OBJC_ROOT_CLASS = YES_ERROR;
				CLANG_WARN_RANGE_LOOP_ANALYSIS = YES;
				CLANG_WARN_STRICT_PROTOTYPES = YES;
				CLANG_WARN_SUSPICIOUS_MOVE = YES;
				CLANG_WARN_UNGUARDED_AVAILABILITY = YES_AGGRESSIVE;
				CLANG_WARN_UNREACHABLE_CODE = YES;
				CLANG_WARN__DUPLICATE_METHOD_MATCH = YES;
				CODE_SIGN_IDENTITY = "iPhone Developer";
				COPY_PHASE_STRIP = NO;
				DEBUG_INFORMATION_FORMAT = dwarf;
				ENABLE_STRICT_OBJC_MSGSEND = YES;
				ENABLE_TESTABILITY = YES;
				GCC_C_LANGUAGE_STANDARD = gnu11;
				GCC_DYNAMIC_NO_PIC = NO;
				GCC_NO_COMMON_BLOCKS = YES;
				GCC_OPTIMIZATION_LEVEL = 0;
				GCC_PREPROCESSOR_DEFINITIONS = (
					"DEBUG=1",
					"$(inherited)",
				);
				GCC_WARN_64_TO_32_BIT_CONVERSION = YES;
				GCC_WARN_ABOUT_RETURN_TYPE = YES_ERROR;
				GCC_WARN_UNDECLARED_SELECTOR = YES;
				GCC_WARN_UNINITIALIZED_AUTOS = YES_AGGRESSIVE;
				GCC_WARN_UNUSED_FUNCTION = YES;
				GCC_WARN_UNUSED_VARIABLE = YES;
				IPHONEOS_DEPLOYMENT_TARGET = 11.4;
				MTL_ENABLE_DEBUG_INFO = YES;
				ONLY_ACTIVE_ARCH = YES;
				SDKROOT = iphoneos;
				SWIFT_ACTIVE_COMPILATION_CONDITIONS = DEBUG;
				SWIFT_OPTIMIZATION_LEVEL = "-Onone";
			};
			name = Debug;
		};
		63C79FDC21403292006726C3 /* Release */ = {
			isa = XCBuildConfiguration;
			buildSettings = {
				ALWAYS_SEARCH_USER_PATHS = NO;
				CLANG_ANALYZER_NONNULL = YES;
				CLANG_ANALYZER_NUMBER_OBJECT_CONVERSION = YES_AGGRESSIVE;
				CLANG_CXX_LANGUAGE_STANDARD = "gnu++14";
				CLANG_CXX_LIBRARY = "libc++";
				CLANG_ENABLE_MODULES = YES;
				CLANG_ENABLE_OBJC_ARC = YES;
				CLANG_ENABLE_OBJC_WEAK = YES;
				CLANG_WARN_BLOCK_CAPTURE_AUTORELEASING = YES;
				CLANG_WARN_BOOL_CONVERSION = YES;
				CLANG_WARN_COMMA = YES;
				CLANG_WARN_CONSTANT_CONVERSION = YES;
				CLANG_WARN_DEPRECATED_OBJC_IMPLEMENTATIONS = YES;
				CLANG_WARN_DIRECT_OBJC_ISA_USAGE = YES_ERROR;
				CLANG_WARN_DOCUMENTATION_COMMENTS = YES;
				CLANG_WARN_EMPTY_BODY = YES;
				CLANG_WARN_ENUM_CONVERSION = YES;
				CLANG_WARN_INFINITE_RECURSION = YES;
				CLANG_WARN_INT_CONVERSION = YES;
				CLANG_WARN_NON_LITERAL_NULL_CONVERSION = YES;
				CLANG_WARN_OBJC_IMPLICIT_RETAIN_SELF = YES;
				CLANG_WARN_OBJC_LITERAL_CONVERSION = YES;
				CLANG_WARN_OBJC_ROOT_CLASS = YES_ERROR;
				CLANG_WARN_RANGE_LOOP_ANALYSIS = YES;
				CLANG_WARN_STRICT_PROTOTYPES = YES;
				CLANG_WARN_SUSPICIOUS_MOVE = YES;
				CLANG_WARN_UNGUARDED_AVAILABILITY = YES_AGGRESSIVE;
				CLANG_WARN_UNREACHABLE_CODE = YES;
				CLANG_WARN__DUPLICATE_METHOD_MATCH = YES;
				CODE_SIGN_IDENTITY = "iPhone Developer";
				COPY_PHASE_STRIP = NO;
				DEBUG_INFORMATION_FORMAT = "dwarf-with-dsym";
				ENABLE_NS_ASSERTIONS = NO;
				ENABLE_STRICT_OBJC_MSGSEND = YES;
				GCC_C_LANGUAGE_STANDARD = gnu11;
				GCC_NO_COMMON_BLOCKS = YES;
				GCC_WARN_64_TO_32_BIT_CONVERSION = YES;
				GCC_WARN_ABOUT_RETURN_TYPE = YES_ERROR;
				GCC_WARN_UNDECLARED_SELECTOR = YES;
				GCC_WARN_UNINITIALIZED_AUTOS = YES_AGGRESSIVE;
				GCC_WARN_UNUSED_FUNCTION = YES;
				GCC_WARN_UNUSED_VARIABLE = YES;
				IPHONEOS_DEPLOYMENT_TARGET = 11.4;
				MTL_ENABLE_DEBUG_INFO = NO;
				SDKROOT = iphoneos;
				SWIFT_COMPILATION_MODE = wholemodule;
				SWIFT_OPTIMIZATION_LEVEL = "-O";
				VALIDATE_PRODUCT = YES;
			};
			name = Release;
		};
		63C79FDE21403292006726C3 /* Debug */ = {
			isa = XCBuildConfiguration;
			baseConfigurationReference = BED4BA8B10FDE8897F574D2C /* Pods-basketball-app.debug.xcconfig */;
			buildSettings = {
				ASSETCATALOG_COMPILER_APPICON_NAME = AppIcon;
				CODE_SIGN_STYLE = Automatic;
				DEVELOPMENT_TEAM = "";
				INFOPLIST_FILE = "basketball-app/Info.plist";
				LD_RUNPATH_SEARCH_PATHS = (
					"$(inherited)",
					"@executable_path/Frameworks",
				);
				PRODUCT_BUNDLE_IDENTIFIER = "com.davidzucco.basketball-app";
				PRODUCT_NAME = "$(TARGET_NAME)";
				SWIFT_VERSION = 4.0;
				TARGETED_DEVICE_FAMILY = 2;
			};
			name = Debug;
		};
		63C79FDF21403292006726C3 /* Release */ = {
			isa = XCBuildConfiguration;
			baseConfigurationReference = D974539F56A975EEEE9984B4 /* Pods-basketball-app.release.xcconfig */;
			buildSettings = {
				ASSETCATALOG_COMPILER_APPICON_NAME = AppIcon;
				CODE_SIGN_STYLE = Automatic;
				DEVELOPMENT_TEAM = "";
				INFOPLIST_FILE = "basketball-app/Info.plist";
				LD_RUNPATH_SEARCH_PATHS = (
					"$(inherited)",
					"@executable_path/Frameworks",
				);
				PRODUCT_BUNDLE_IDENTIFIER = "com.davidzucco.basketball-app";
				PRODUCT_NAME = "$(TARGET_NAME)";
				SWIFT_VERSION = 4.0;
				TARGETED_DEVICE_FAMILY = 2;
			};
			name = Release;
		};
/* End XCBuildConfiguration section */

/* Begin XCConfigurationList section */
		27185E292174370F00B69950 /* Build configuration list for PBXNativeTarget "userAuth" */ = {
			isa = XCConfigurationList;
			buildConfigurations = (
				27185E2A2174370F00B69950 /* Debug */,
				27185E2B2174370F00B69950 /* Release */,
			);
			defaultConfigurationIsVisible = 0;
			defaultConfigurationName = Release;
		};
		274A642A2164451E00F0F4E7 /* Build configuration list for PBXNativeTarget "userAuthUITests" */ = {
			isa = XCConfigurationList;
			buildConfigurations = (
				274A642B2164451E00F0F4E7 /* Debug */,
				274A642C2164451E00F0F4E7 /* Release */,
			);
			defaultConfigurationIsVisible = 0;
			defaultConfigurationName = Release;
		};
		6350451D21626249003A046C /* Build configuration list for PBXNativeTarget "basketball-appTests" */ = {
			isa = XCConfigurationList;
			buildConfigurations = (
				6350451B21626249003A046C /* Debug */,
				6350451C21626249003A046C /* Release */,
			);
			defaultConfigurationIsVisible = 0;
			defaultConfigurationName = Release;
		};
		63C79FC621403291006726C3 /* Build configuration list for PBXProject "basketball-app" */ = {
			isa = XCConfigurationList;
			buildConfigurations = (
				63C79FDB21403292006726C3 /* Debug */,
				63C79FDC21403292006726C3 /* Release */,
			);
			defaultConfigurationIsVisible = 0;
			defaultConfigurationName = Release;
		};
		63C79FDD21403292006726C3 /* Build configuration list for PBXNativeTarget "basketball-app" */ = {
			isa = XCConfigurationList;
			buildConfigurations = (
				63C79FDE21403292006726C3 /* Debug */,
				63C79FDF21403292006726C3 /* Release */,
			);
			defaultConfigurationIsVisible = 0;
			defaultConfigurationName = Release;
		};
/* End XCConfigurationList section */
	};
	rootObject = 63C79FC321403291006726C3 /* Project object */;
}
